
Microsoft Visual Studio Solution File, Format Version 12.00
# Visual Studio Version 17
VisualStudioVersion = 17.2.32516.85
MinimumVisualStudioVersion = 10.0.40219.1
Project("{9A19103F-16F7-4668-BE54-9A1E7A4F7556}") = "Business", "Business\Business.csproj", "{EFC867F6-1A5C-47C0-8002-F09D52C935DF}"
EndProject
Project("{9A19103F-16F7-4668-BE54-9A1E7A4F7556}") = "DataAccess", "DataAccess\DataAccess.csproj", "{7B469747-43CE-4AD9-9DF3-8190B466F1F1}"
EndProject
Project("{9A19103F-16F7-4668-BE54-9A1E7A4F7556}") = "Entities", "Entities\Entities.csproj", "{0741E138-BD25-43C3-B3EC-0CA938AAAADE}"
EndProject
Project("{9A19103F-16F7-4668-BE54-9A1E7A4F7556}") = "ConsoleUI", "ConsoleUI\ConsoleUI.csproj", "{C1DDADF7-783B-4D46-A4CA-3C072D9726BB}"
EndProject
Project("{FAE04EC0-301F-11D3-BF4B-00C04F79EFBC}") = "Core", "Core\Core.csproj", "{AB1CD1A0-5BAC-40CA-9197-8B8E01BA3CEF}"
EndProject
Global
	GlobalSection(SolutionConfigurationPlatforms) = preSolution
		Debug|Any CPU = Debug|Any CPU
		Release|Any CPU = Release|Any CPU
	EndGlobalSection
	GlobalSection(ProjectConfigurationPlatforms) = postSolution
		{EFC867F6-1A5C-47C0-8002-F09D52C935DF}.Debug|Any CPU.ActiveCfg = Debug|Any CPU
		{EFC867F6-1A5C-47C0-8002-F09D52C935DF}.Debug|Any CPU.Build.0 = Debug|Any CPU
		{EFC867F6-1A5C-47C0-8002-F09D52C935DF}.Release|Any CPU.ActiveCfg = Release|Any CPU
		{EFC867F6-1A5C-47C0-8002-F09D52C935DF}.Release|Any CPU.Build.0 = Release|Any CPU
		{7B469747-43CE-4AD9-9DF3-8190B466F1F1}.Debug|Any CPU.ActiveCfg = Debug|Any CPU
		{7B469747-43CE-4AD9-9DF3-8190B466F1F1}.Debug|Any CPU.Build.0 = Debug|Any CPU
		{7B469747-43CE-4AD9-9DF3-8190B466F1F1}.Release|Any CPU.ActiveCfg = Release|Any CPU
		{7B469747-43CE-4AD9-9DF3-8190B466F1F1}.Release|Any CPU.Build.0 = Release|Any CPU
		{0741E138-BD25-43C3-B3EC-0CA938AAAADE}.Debug|Any CPU.ActiveCfg = Debug|Any CPU
		{0741E138-BD25-43C3-B3EC-0CA938AAAADE}.Debug|Any CPU.Build.0 = Debug|Any CPU
		{0741E138-BD25-43C3-B3EC-0CA938AAAADE}.Release|Any CPU.ActiveCfg = Release|Any CPU
		{0741E138-BD25-43C3-B3EC-0CA938AAAADE}.Release|Any CPU.Build.0 = Release|Any CPU
		{C1DDADF7-783B-4D46-A4CA-3C072D9726BB}.Debug|Any CPU.ActiveCfg = Debug|Any CPU
		{C1DDADF7-783B-4D46-A4CA-3C072D9726BB}.Debug|Any CPU.Build.0 = Debug|Any CPU
		{C1DDADF7-783B-4D46-A4CA-3C072D9726BB}.Release|Any CPU.ActiveCfg = Release|Any CPU
		{C1DDADF7-783B-4D46-A4CA-3C072D9726BB}.Release|Any CPU.Build.0 = Release|Any CPU
		{AB1CD1A0-5BAC-40CA-9197-8B8E01BA3CEF}.Debug|Any CPU.ActiveCfg = Debug|Any CPU
		{AB1CD1A0-5BAC-40CA-9197-8B8E01BA3CEF}.Debug|Any CPU.Build.0 = Debug|Any CPU
		{AB1CD1A0-5BAC-40CA-9197-8B8E01BA3CEF}.Release|Any CPU.ActiveCfg = Release|Any CPU
		{AB1CD1A0-5BAC-40CA-9197-8B8E01BA3CEF}.Release|Any CPU.Build.0 = Release|Any CPU
	EndGlobalSection
	GlobalSection(SolutionProperties) = preSolution
		HideSolutionNode = FALSE
	EndGlobalSection
	GlobalSection(ExtensibilityGlobals) = postSolution
		SolutionGuid = {6659B77F-8E24-4E19-9834-696561B6BA32}
	EndGlobalSection
EndGlobal
